
Microsoft Visual Studio Solution File, Format Version 12.00
# Visual Studio 15
VisualStudioVersion = 15.0.28307.1267
MinimumVisualStudioVersion = 10.0.40219.1
Project("{FAE04EC0-301F-11D3-BF4B-00C04F79EFBC}") = "BradSeven.Service", "BradSeven\BradSeven.Service.csproj", "{C6690D7D-E414-45B1-B67F-8B6E3CE74322}"
EndProject
Project("{FAE04EC0-301F-11D3-BF4B-00C04F79EFBC}") = "BradSeven.Data", "BradSeven.Data\BradSeven.Data.csproj", "{C73378B5-9CFC-4CE2-8F2F-05568680D45D}"
EndProject
Project("{FAE04EC0-301F-11D3-BF4B-00C04F79EFBC}") = "BradSeven.ConsoleApp", "BradSeven.ConsoleApp\BradSeven.ConsoleApp.csproj", "{DE6471EC-E4A0-45DE-9188-53734D3CE4F0}"
EndProject
Project("{FAE04EC0-301F-11D3-BF4B-00C04F79EFBC}") = "BradSeven.Managers", "BradSeven.Managers\BradSeven.Managers.csproj", "{1E367F3D-E95B-4D98-8DDB-8EFEE400F95E}"
EndProject
Project("{FAE04EC0-301F-11D3-BF4B-00C04F79EFBC}") = "BradSeven.Common", "BradSeven.Common\BradSeven.Common.csproj", "{7F51B3BF-89EF-40B5-A6A3-00871A4D9601}"
EndProject
Global
	GlobalSection(SolutionConfigurationPlatforms) = preSolution
		Debug|Any CPU = Debug|Any CPU
		Release|Any CPU = Release|Any CPU
	EndGlobalSection
	GlobalSection(ProjectConfigurationPlatforms) = postSolution
		{C6690D7D-E414-45B1-B67F-8B6E3CE74322}.Debug|Any CPU.ActiveCfg = Debug|Any CPU
		{C6690D7D-E414-45B1-B67F-8B6E3CE74322}.Debug|Any CPU.Build.0 = Debug|Any CPU
		{C6690D7D-E414-45B1-B67F-8B6E3CE74322}.Release|Any CPU.ActiveCfg = Release|Any CPU
		{C6690D7D-E414-45B1-B67F-8B6E3CE74322}.Release|Any CPU.Build.0 = Release|Any CPU
		{C73378B5-9CFC-4CE2-8F2F-05568680D45D}.Debug|Any CPU.ActiveCfg = Debug|Any CPU
		{C73378B5-9CFC-4CE2-8F2F-05568680D45D}.Debug|Any CPU.Build.0 = Debug|Any CPU
		{C73378B5-9CFC-4CE2-8F2F-05568680D45D}.Release|Any CPU.ActiveCfg = Release|Any CPU
		{C73378B5-9CFC-4CE2-8F2F-05568680D45D}.Release|Any CPU.Build.0 = Release|Any CPU
		{DE6471EC-E4A0-45DE-9188-53734D3CE4F0}.Debug|Any CPU.ActiveCfg = Debug|Any CPU
		{DE6471EC-E4A0-45DE-9188-53734D3CE4F0}.Debug|Any CPU.Build.0 = Debug|Any CPU
		{DE6471EC-E4A0-45DE-9188-53734D3CE4F0}.Release|Any CPU.ActiveCfg = Release|Any CPU
		{DE6471EC-E4A0-45DE-9188-53734D3CE4F0}.Release|Any CPU.Build.0 = Release|Any CPU
		{1E367F3D-E95B-4D98-8DDB-8EFEE400F95E}.Debug|Any CPU.ActiveCfg = Debug|Any CPU
		{1E367F3D-E95B-4D98-8DDB-8EFEE400F95E}.Debug|Any CPU.Build.0 = Debug|Any CPU
		{1E367F3D-E95B-4D98-8DDB-8EFEE400F95E}.Release|Any CPU.ActiveCfg = Release|Any CPU
		{1E367F3D-E95B-4D98-8DDB-8EFEE400F95E}.Release|Any CPU.Build.0 = Release|Any CPU
		{7F51B3BF-89EF-40B5-A6A3-00871A4D9601}.Debug|Any CPU.ActiveCfg = Debug|Any CPU
		{7F51B3BF-89EF-40B5-A6A3-00871A4D9601}.Debug|Any CPU.Build.0 = Debug|Any CPU
		{7F51B3BF-89EF-40B5-A6A3-00871A4D9601}.Release|Any CPU.ActiveCfg = Release|Any CPU
		{7F51B3BF-89EF-40B5-A6A3-00871A4D9601}.Release|Any CPU.Build.0 = Release|Any CPU
	EndGlobalSection
	GlobalSection(SolutionProperties) = preSolution
		HideSolutionNode = FALSE
	EndGlobalSection
	GlobalSection(ExtensibilityGlobals) = postSolution
		SolutionGuid = {1A93B3A3-0741-4597-8ED1-631DD0575F4F}
	EndGlobalSection
EndGlobal
